{
  "requires": true,
  "lockfileVersion": 1,
  "dependencies": {
    "@types/google-maps": {
      "version": "3.2.0",
      "resolved": "https://registry.npmjs.org/@types/google-maps/-/google-maps-3.2.0.tgz",
      "integrity": "sha1-gEo66aySZbTg0VCLW5uJSGeXT4I=",
      "requires": {
        "@types/googlemaps": "3.30.10"
      }
    },
    "@types/googlemaps": {
      "version": "3.30.10",
      "resolved": "https://registry.npmjs.org/@types/googlemaps/-/googlemaps-3.30.10.tgz",
      "integrity": "sha512-bWfUjQMDzBDIJFD7pbn9Uuz65yUa+ib4zQBd4M+Obx08PYDIi7Lc3Hg/TDbEGq8haO5/Ge42nIyZ86OGqFjYxA=="
    }
  }
}
